// !$*UTF8*$!
{
	archiveVersion = 1;
	classes = {
	};
	objectVersion = 46;
	objects = {

/* Begin PBXBuildFile section */
		5C4A349F1D904C0D001622EA /* PasswordButton.swift in Sources */ = {isa = PBXBuildFile; fileRef = 5C4A349E1D904C0D001622EA /* PasswordButton.swift */; };
		5CEEA5F71D8AAA600017CE7E /* AppDelegate.swift in Sources */ = {isa = PBXBuildFile; fileRef = 5CEEA5F61D8AAA600017CE7E /* AppDelegate.swift */; };
		5CEEA5F91D8AAA600017CE7E /* ViewController.swift in Sources */ = {isa = PBXBuildFile; fileRef = 5CEEA5F81D8AAA600017CE7E /* ViewController.swift */; };
		5CEEA5FC1D8AAA600017CE7E /* Main.storyboard in Resources */ = {isa = PBXBuildFile; fileRef = 5CEEA5FA1D8AAA600017CE7E /* Main.storyboard */; };
		5CEEA5FE1D8AAA620017CE7E /* Assets.xcassets in Resources */ = {isa = PBXBuildFile; fileRef = 5CEEA5FD1D8AAA620017CE7E /* Assets.xcassets */; };
		5CEEA6011D8AAA630017CE7E /* LaunchScreen.storyboard in Resources */ = {isa = PBXBuildFile; fileRef = 5CEEA5FF1D8AAA630017CE7E /* LaunchScreen.storyboard */; };
/* End PBXBuildFile section */

/* Begin PBXFileReference section */
		5C26C7AC1D8DDDC000F6D9EA /* PasswordHasher-Bridging-Header.h */ = {isa = PBXFileReference; lastKnownFileType = sourcecode.c.h; path = "PasswordHasher-Bridging-Header.h"; sourceTree = "<group>"; };
		5C4A349E1D904C0D001622EA /* PasswordButton.swift */ = {isa = PBXFileReference; fileEncoding = 4; lastKnownFileType = sourcecode.swift; path = PasswordButton.swift; sourceTree = "<group>"; };
		5CEEA5F31D8AAA5D0017CE7E /* Hasher.app */ = {isa = PBXFileReference; explicitFileType = wrapper.application; includeInIndex = 0; path = Hasher.app; sourceTree = BUILT_PRODUCTS_DIR; };
		5CEEA5F61D8AAA600017CE7E /* AppDelegate.swift */ = {isa = PBXFileReference; lastKnownFileType = sourcecode.swift; path = AppDelegate.swift; sourceTree = "<group>"; };
		5CEEA5F81D8AAA600017CE7E /* ViewController.swift */ = {isa = PBXFileReference; lastKnownFileType = sourcecode.swift; path = ViewController.swift; sourceTree = "<group>"; };
		5CEEA5FB1D8AAA600017CE7E /* Base */ = {isa = PBXFileReference; lastKnownFileType = file.storyboard; name = Base; path = Base.lproj/Main.storyboard; sourceTree = "<group>"; };
		5CEEA5FD1D8AAA620017CE7E /* Assets.xcassets */ = {isa = PBXFileReference; lastKnownFileType = folder.assetcatalog; path = Assets.xcassets; sourceTree = "<group>"; };
		5CEEA6001D8AAA630017CE7E /* Base */ = {isa = PBXFileReference; lastKnownFileType = file.storyboard; name = Base; path = Base.lproj/LaunchScreen.storyboard; sourceTree = "<group>"; };
		5CEEA6021D8AAA630017CE7E /* Info.plist */ = {isa = PBXFileReference; lastKnownFileType = text.plist.xml; path = Info.plist; sourceTree = "<group>"; };
/* End PBXFileReference section */

/* Begin PBXFrameworksBuildPhase section */
		5CEEA5F01D8AAA5D0017CE7E /* Frameworks */ = {
			isa = PBXFrameworksBuildPhase;
			buildActionMask = 2147483647;
			files = (
			);
			runOnlyForDeploymentPostprocessing = 0;
		};
/* End PBXFrameworksBuildPhase section */

/* Begin PBXGroup section */
		5CEEA5EA1D8AAA5D0017CE7E = {
			isa = PBXGroup;
			children = (
				5CEEA5F51D8AAA5F0017CE7E /* PasswordHasher */,
				5CEEA5F41D8AAA5D0017CE7E /* Products */,
				5C26C7AC1D8DDDC000F6D9EA /* PasswordHasher-Bridging-Header.h */,
			);
			sourceTree = "<group>";
		};
		5CEEA5F41D8AAA5D0017CE7E /* Products */ = {
			isa = PBXGroup;
			children = (
				5CEEA5F31D8AAA5D0017CE7E /* Hasher.app */,
			);
			name = Products;
			sourceTree = "<group>";
		};
		5CEEA5F51D8AAA5F0017CE7E /* PasswordHasher */ = {
			isa = PBXGroup;
			children = (
				5CEEA5F61D8AAA600017CE7E /* AppDelegate.swift */,
				5CEEA5F81D8AAA600017CE7E /* ViewController.swift */,
				5CEEA5FA1D8AAA600017CE7E /* Main.storyboard */,
				5C4A349E1D904C0D001622EA /* PasswordButton.swift */,
				5CEEA5FD1D8AAA620017CE7E /* Assets.xcassets */,
				5CEEA5FF1D8AAA630017CE7E /* LaunchScreen.storyboard */,
				5CEEA6021D8AAA630017CE7E /* Info.plist */,
			);
			path = PasswordHasher;
			sourceTree = "<group>";
		};
/* End PBXGroup section */

/* Begin PBXNativeTarget section */
		5CEEA5F21D8AAA5D0017CE7E /* PasswordHasher */ = {
			isa = PBXNativeTarget;
			buildConfigurationList = 5CEEA6051D8AAA630017CE7E /* Build configuration list for PBXNativeTarget "PasswordHasher" */;
			buildPhases = (
				5CEEA5EF1D8AAA5D0017CE7E /* Sources */,
				5CEEA5F01D8AAA5D0017CE7E /* Frameworks */,
				5CEEA5F11D8AAA5D0017CE7E /* Resources */,
			);
			buildRules = (
			);
			dependencies = (
			);
			name = PasswordHasher;
			productName = PasswordHasher;
			productReference = 5CEEA5F31D8AAA5D0017CE7E /* Hasher.app */;
			productType = "com.apple.product-type.application";
		};
/* End PBXNativeTarget section */

/* Begin PBXProject section */
		5CEEA5EB1D8AAA5D0017CE7E /* Project object */ = {
			isa = PBXProject;
			attributes = {
				LastSwiftUpdateCheck = 0730;
				LastUpgradeCheck = 0730;
				ORGANIZATIONNAME = Smudja;
				TargetAttributes = {
					5CEEA5F21D8AAA5D0017CE7E = {
						CreatedOnToolsVersion = 7.3;
						DevelopmentTeam = S4D289QX49;
					};
				};
			};
			buildConfigurationList = 5CEEA5EE1D8AAA5D0017CE7E /* Build configuration list for PBXProject "PasswordHasher" */;
			compatibilityVersion = "Xcode 3.2";
			developmentRegion = English;
			hasScannedForEncodings = 0;
			knownRegions = (
				en,
				Base,
			);
			mainGroup = 5CEEA5EA1D8AAA5D0017CE7E;
			productRefGroup = 5CEEA5F41D8AAA5D0017CE7E /* Products */;
			projectDirPath = "";
			projectRoot = "";
			targets = (
				5CEEA5F21D8AAA5D0017CE7E /* PasswordHasher */,
			);
		};
/* End PBXProject section */

/* Begin PBXResourcesBuildPhase section */
		5CEEA5F11D8AAA5D0017CE7E /* Resources */ = {
			isa = PBXResourcesBuildPhase;
			buildActionMask = 2147483647;
			files = (
				5CEEA6011D8AAA630017CE7E /* LaunchScreen.storyboard in Resources */,
				5CEEA5FE1D8AAA620017CE7E /* Assets.xcassets in Resources */,
				5CEEA5FC1D8AAA600017CE7E /* Main.storyboard in Resources */,
			);
			runOnlyForDeploymentPostprocessing = 0;
		};
/* End PBXResourcesBuildPhase section */

/* Begin PBXSourcesBuildPhase section */
		5CEEA5EF1D8AAA5D0017CE7E /* Sources */ = {
			isa = PBXSourcesBuildPhase;
			buildActionMask = 2147483647;
			files = (
				5C4A349F1D904C0D001622EA /* PasswordButton.swift in Sources */,
				5CEEA5F91D8AAA600017CE7E /* ViewController.swift in Sources */,
				5CEEA5F71D8AAA600017CE7E /* AppDelegate.swift in Sources */,
			);
			runOnlyForDeploymentPostprocessing = 0;
		};
/* End PBXSourcesBuildPhase section */

/* Begin PBXVariantGroup section */
		5CEEA5FA1D8AAA600017CE7E /* Main.storyboard */ = {
			isa = PBXVariantGroup;
			children = (
				5CEEA5FB1D8AAA600017CE7E /* Base */,
			);
			name = Main.storyboard;
			sourceTree = "<group>";
		};
		5CEEA5FF1D8AAA630017CE7E /* LaunchScreen.storyboard */ = {
			isa = PBXVariantGroup;
			children = (
				5CEEA6001D8AAA630017CE7E /* Base */,
			);
			name = LaunchScreen.storyboard;
			sourceTree = "<group>";
		};
/* End PBXVariantGroup section */

/* Begin XCBuildConfiguration section */
		5CEEA6031D8AAA630017CE7E /* Debug */ = {
			isa = XCBuildConfiguration;
			buildSettings = {
				ALWAYS_SEARCH_USER_PATHS = NO;
				CLANG_ANALYZER_NONNULL = YES;
				CLANG_CXX_LANGUAGE_STANDARD = "gnu++0x";
				CLANG_CXX_LIBRARY = "libc++";
				CLANG_ENABLE_MODULES = YES;
				CLANG_ENABLE_OBJC_ARC = YES;
				CLANG_WARN_BOOL_CONVERSION = YES;
				CLANG_WARN_CONSTANT_CONVERSION = YES;
				CLANG_WARN_DIRECT_OBJC_ISA_USAGE = YES_ERROR;
				CLANG_WARN_EMPTY_BODY = YES;
				CLANG_WARN_ENUM_CONVERSION = YES;
				CLANG_WARN_INT_CONVERSION = YES;
				CLANG_WARN_OBJC_ROOT_CLASS = YES_ERROR;
				CLANG_WARN_UNREACHABLE_CODE = YES;
				CLANG_WARN__DUPLICATE_METHOD_MATCH = YES;
				"CODE_SIGN_IDENTITY[sdk=iphoneos*]" = "iPhone Developer";
				COPY_PHASE_STRIP = NO;
				DEBUG_INFORMATION_FORMAT = dwarf;
				ENABLE_STRICT_OBJC_MSGSEND = YES;
				ENABLE_TESTABILITY = YES;
				GCC_C_LANGUAGE_STANDARD = gnu99;
				GCC_DYNAMIC_NO_PIC = NO;
				GCC_NO_COMMON_BLOCKS = YES;
				GCC_OPTIMIZATION_LEVEL = 0;
				GCC_PREPROCESSOR_DEFINITIONS = (
					"DEBUG=1",
					"$(inherited)",
				);
				GCC_WARN_64_TO_32_BIT_CONVERSION = YES;
				GCC_WARN_ABOUT_RETURN_TYPE = YES_ERROR;
				GCC_WARN_UNDECLARED_SELECTOR = YES;
				GCC_WARN_UNINITIALIZED_AUTOS = YES_AGGRESSIVE;
				GCC_WARN_UNUSED_FUNCTION = YES;
				GCC_WARN_UNUSED_VARIABLE = YES;
				IPHONEOS_DEPLOYMENT_TARGET = 9.3;
				MTL_ENABLE_DEBUG_INFO = YES;
				ONLY_ACTIVE_ARCH = YES;
				SDKROOT = iphoneos;
				SWIFT_OPTIMIZATION_LEVEL = "-Onone";
			};
			name = Debug;
		};
		5CEEA6041D8AAA630017CE7E /* Release */ = {
			isa = XCBuildConfiguration;
			buildSettings = {
				ALWAYS_SEARCH_USER_PATHS = NO;
				CLANG_ANALYZER_NONNULL = YES;
				CLANG_CXX_LANGUAGE_STANDARD = "gnu++0x";
				CLANG_CXX_LIBRARY = "libc++";
				CLANG_ENABLE_MODULES = YES;
				CLANG_ENABLE_OBJC_ARC = YES;
				CLANG_WARN_BOOL_CONVERSION = YES;
				CLANG_WARN_CONSTANT_CONVERSION = YES;
				CLANG_WARN_DIRECT_OBJC_ISA_USAGE = YES_ERROR;
				CLANG_WARN_EMPTY_BODY = YES;
				CLANG_WARN_ENUM_CONVERSION = YES;
				CLANG_WARN_INT_CONVERSION = YES;
				CLANG_WARN_OBJC_ROOT_CLASS = YES_ERROR;
				CLANG_WARN_UNREACHABLE_CODE = YES;
				CLANG_WARN__DUPLICATE_METHOD_MATCH = YES;
				"CODE_SIGN_IDENTITY[sdk=iphoneos*]" = "iPhone Developer";
				COPY_PHASE_STRIP = NO;
				DEBUG_INFORMATION_FORMAT = "dwarf-with-dsym";
				ENABLE_NS_ASSERTIONS = NO;
				ENABLE_STRICT_OBJC_MSGSEND = YES;
				GCC_C_LANGUAGE_STANDARD = gnu99;
				GCC_NO_COMMON_BLOCKS = YES;
				GCC_WARN_64_TO_32_BIT_CONVERSION = YES;
				GCC_WARN_ABOUT_RETURN_TYPE = YES_ERROR;
				GCC_WARN_UNDECLARED_SELECTOR = YES;
				GCC_WARN_UNINITIALIZED_AUTOS = YES_AGGRESSIVE;
				GCC_WARN_UNUSED_FUNCTION = YES;
				GCC_WARN_UNUSED_VARIABLE = YES;
				IPHONEOS_DEPLOYMENT_TARGET = 9.3;
				MTL_ENABLE_DEBUG_INFO = NO;
				SDKROOT = iphoneos;
				VALIDATE_PRODUCT = YES;
			};
			name = Release;
		};
		5CEEA6061D8AAA630017CE7E /* Debug */ = {
			isa = XCBuildConfiguration;
			buildSettings = {
				ASSETCATALOG_COMPILER_APPICON_NAME = AppIcon;
				CLANG_ENABLE_MODULES = YES;
				CODE_SIGN_IDENTITY = "iPhone Developer";
				INFOPLIST_FILE = PasswordHasher/Info.plist;
				LD_RUNPATH_SEARCH_PATHS = "$(inherited) @executable_path/Frameworks";
				PRODUCT_BUNDLE_IDENTIFIER = me.smudja.PasswordHasher;
				PRODUCT_NAME = Hasher;
				SWIFT_OBJC_BRIDGING_HEADER = "PasswordHasher-Bridging-Header.h";
				SWIFT_OPTIMIZATION_LEVEL = "-Onone";
			};
			name = Debug;
		};
		5CEEA6071D8AAA630017CE7E /* Release */ = {
			isa = XCBuildConfiguration;
			buildSettings = {
				ASSETCATALOG_COMPILER_APPICON_NAME = AppIcon;
				CLANG_ENABLE_MODULES = YES;
				CODE_SIGN_IDENTITY = "iPhone Developer";
				INFOPLIST_FILE = PasswordHasher/Info.plist;
				LD_RUNPATH_SEARCH_PATHS = "$(inherited) @executable_path/Frameworks";
				PRODUCT_BUNDLE_IDENTIFIER = me.smudja.PasswordHasher;
				PRODUCT_NAME = Hasher;
				SWIFT_OBJC_BRIDGING_HEADER = "PasswordHasher-Bridging-Header.h";
			};
			name = Release;
		};
/* End XCBuildConfiguration section */

/* Begin XCConfigurationList section */
		5CEEA5EE1D8AAA5D0017CE7E /* Build configuration list for PBXProject "PasswordHasher" */ = {
			isa = XCConfigurationList;
			buildConfigurations = (
				5CEEA6031D8AAA630017CE7E /* Debug */,
				5CEEA6041D8AAA630017CE7E /* Release */,
			);
			defaultConfigurationIsVisible = 0;
			defaultConfigurationName = Release;
		};
		5CEEA6051D8AAA630017CE7E /* Build configuration list for PBXNativeTarget "PasswordHasher" */ = {
			isa = XCConfigurationList;
			buildConfigurations = (
				5CEEA6061D8AAA630017CE7E /* Debug */,
				5CEEA6071D8AAA630017CE7E /* Release */,
			);
			defaultConfigurationIsVisible = 0;
			defaultConfigurationName = Release;
		};
/* End XCConfigurationList section */
	};
	rootObject = 5CEEA5EB1D8AAA5D0017CE7E /* Project object */;
}
